# Resolved on Windows with Python 3.12 for the demo and local AgentScope checkout.
# Regenerate intentionally when dependency inputs change; do not hand-edit versions.
aiofiles==25.1.0
aiohappyeyeballs==2.7.1
aiohttp==3.14.1
aioitertools==0.13.0
aiosignal==1.4.0
annotated-doc==0.0.4
annotated-types==0.7.0
APScheduler==3.11.3
anthropic==0.116.0
anyio==4.14.2
aiosqlite==0.21.0
argon2-cffi==25.1.0
argon2-cffi-bindings==25.1.0
attrs==26.1.0
ag-ui-protocol==0.1.19
bidict==0.23.1
cached-property==2.0.1
certifi==2026.6.17
cffi==2.1.0
charset-normalizer==3.4.9
click==8.4.2
colorama==0.4.6
cryptography==49.0.0
dashscope==1.26.3
distro==1.9.0
docstring_parser==0.18.0
filetype==1.2.0
fastapi==0.139.0
frozenlist==1.8.0
googleapis-common-protos==1.75.0
grpcio==1.82.1
greenlet==3.2.4
h11==0.16.0
httpcore==1.0.9
httpx==0.28.1
httpx-sse==0.4.3
idna==3.18
iniconfig==2.3.0
Jinja2==3.1.6
jiter==0.16.0
json5==0.15.0
json_repair==0.61.4
jsonschema==4.26.0
jsonschema-specifications==2025.9.1
markdown-it-py==4.2.0
MarkupSafe==3.0.3
mcp==1.28.1
mdurl==0.1.2
multidict==6.7.1
numpy==2.5.1
openai==2.45.0
opentelemetry-api==1.43.0
opentelemetry-exporter-otlp==1.43.0
opentelemetry-exporter-otlp-proto-common==1.43.0
opentelemetry-exporter-otlp-proto-grpc==1.43.0
opentelemetry-exporter-otlp-proto-http==1.43.0
opentelemetry-proto==1.43.0
opentelemetry-sdk==1.43.0
opentelemetry-semantic-conventions==0.64b0
packaging==26.2
pluggy==1.6.0
propcache==0.5.2
protobuf==7.35.1
pycparser==3.0
pydantic==2.13.4
pydantic-settings==2.10.1
pydantic_core==2.46.4
Pygments==2.20.0
PyJWT==2.13.0
pytest==8.4.2
python-datauri==3.0.2
python-dotenv==1.2.2
python-engineio==4.13.3
python-frontmatter==1.3.0
python-multipart==0.0.32
python-socketio==5.16.3
pywin32==312
PyYAML==6.0.3
referencing==0.37.0
requests==2.34.2
rich==15.0.0
rpds-py==2026.6.3
setuptools==80.9.0
shellingham==1.5.4
shortuuid==1.0.13
simple-websocket==1.1.0
sniffio==1.3.1
sse-starlette==3.4.5
starlette==1.3.1
SQLAlchemy==2.0.44
tqdm==4.68.4
tree-sitter==0.26.0
tree-sitter-bash==0.25.1
typer==0.26.8
tzdata==2026.3
tzlocal==5.4.4
typing-inspection==0.4.2
typing_extensions==4.16.0
urllib3==2.7.0
uvicorn==0.51.0
websocket-client==1.9.0
wheel==0.45.1
wsproto==1.3.2
yarl==1.24.2
